{
  "originHash" : "e4f07fb846fe4e484ddbb0d1c5783d0a62ffee053e850e8a2abe0b8e0323bbd4",
  "pins" : [
    {
      "identity" : "svgview",
      "kind" : "remoteSourceControl",
      "location" : "https://github.com/exyte/SVGView.git",
      "state" : {
        "revision" : "6465962facdd25cb96eaebc35603afa2f15d2c0d",
        "version" : "1.0.6"
      }
    },
    {
      "identity" : "swiftsoup",
      "kind" : "remoteSourceControl",
      "location" : "https://github.com/scinfu/SwiftSoup.git",
      "state" : {
        "revision" : "aa85ee96017a730031bafe411cde24a08a17a9c9",
        "version" : "2.8.8"
      }
    },
    {
      "identity" : "wordpress-rs",
      "kind" : "remoteSourceControl",
      "location" : "https://github.com/Automattic/wordpress-rs",
      "state" : {
        "branch" : "alpha-20260313",
        "revision" : "cde2fda82257f4ac7b81543d5b831bb267d4e52c"
      }
    }
  ],
  "version" : 3
}
