{
  "originHash" : "c32e016069801ed394dc3903d2fe2eb6082b812eac4efb8b8c62b5d6de294a5d",
  "pins" : [
    {
      "identity" : "svgview",
      "kind" : "remoteSourceControl",
      "location" : "https://github.com/exyte/SVGView.git",
      "state" : {
        "revision" : "6465962facdd25cb96eaebc35603afa2f15d2c0d",
        "version" : "1.0.6"
      }
    },
    {
      "identity" : "swiftsoup",
      "kind" : "remoteSourceControl",
      "location" : "https://github.com/scinfu/SwiftSoup.git",
      "state" : {
        "revision" : "aa85ee96017a730031bafe411cde24a08a17a9c9",
        "version" : "2.8.8"
      }
    }
  ],
  "version" : 3
}
