{
  "originHash" : "2aee256c0b38622aa9bb903b83d446aa51554bf7f6d1f43aca6d447f82d2a906",
  "pins" : [
    {
      "identity" : "svgview",
      "kind" : "remoteSourceControl",
      "location" : "https://github.com/exyte/SVGView.git",
      "state" : {
        "revision" : "6465962facdd25cb96eaebc35603afa2f15d2c0d",
        "version" : "1.0.6"
      }
    },
    {
      "identity" : "swiftsoup",
      "kind" : "remoteSourceControl",
      "location" : "https://github.com/scinfu/SwiftSoup.git",
      "state" : {
        "revision" : "aa85ee96017a730031bafe411cde24a08a17a9c9",
        "version" : "2.8.8"
      }
    },
    {
      "identity" : "wordpress-rs",
      "kind" : "remoteSourceControl",
      "location" : "https://github.com/Automattic/wordpress-rs",
      "state" : {
        "branch" : "alpha-20250926",
        "revision" : "13c6207d6beeeb66c21cd7c627e13817ca5fdcae"
      }
    }
  ],
  "version" : 3
}
