{
  "originHash" : "11fbb2cf922b873080bfec9421893617428fff2aba5645ca7121f53f5debada1",
  "pins" : [
    {
      "identity" : "wordpress-rs",
      "kind" : "remoteSourceControl",
      "location" : "https://github.com/Automattic/wordpress-rs",
      "state" : {
        "branch" : "alpha-20250926",
        "revision" : "13c6207d6beeeb66c21cd7c627e13817ca5fdcae"
      }
    }
  ],
  "version" : 3
}
